
Microsoft Visual Studio Solution File, Format Version 12.00
# Visual Studio Version 16
VisualStudioVersion = 16.0.29326.143
MinimumVisualStudioVersion = 10.0.40219.1
Project("{9A19103F-16F7-4668-BE54-9A1E7A4F7556}") = "Tracer", "Tracer\Tracer.csproj", "{655A5772-EF24-4181-9250-74DFBA17509D}"
EndProject
Project("{9A19103F-16F7-4668-BE54-9A1E7A4F7556}") = "TracerLib.Tests", "TracerLib.Tests\TracerLib.Tests.csproj", "{BFA50C70-0F94-40A3-9069-88BEE3A47DF6}"
EndProject
Project("{FAE04EC0-301F-11D3-BF4B-00C04F79EFBC}") = "TracerLib", "TracerLib\TracerLib.csproj", "{C5DC608D-662B-4795-8933-FC1FE85F2DCC}"
EndProject
Global
	GlobalSection(SolutionConfigurationPlatforms) = preSolution
		Debug|Any CPU = Debug|Any CPU
		Release|Any CPU = Release|Any CPU
	EndGlobalSection
	GlobalSection(ProjectConfigurationPlatforms) = postSolution
		{655A5772-EF24-4181-9250-74DFBA17509D}.Debug|Any CPU.ActiveCfg = Debug|Any CPU
		{655A5772-EF24-4181-9250-74DFBA17509D}.Debug|Any CPU.Build.0 = Debug|Any CPU
		{655A5772-EF24-4181-9250-74DFBA17509D}.Release|Any CPU.ActiveCfg = Release|Any CPU
		{655A5772-EF24-4181-9250-74DFBA17509D}.Release|Any CPU.Build.0 = Release|Any CPU
		{BFA50C70-0F94-40A3-9069-88BEE3A47DF6}.Debug|Any CPU.ActiveCfg = Debug|Any CPU
		{BFA50C70-0F94-40A3-9069-88BEE3A47DF6}.Debug|Any CPU.Build.0 = Debug|Any CPU
		{BFA50C70-0F94-40A3-9069-88BEE3A47DF6}.Release|Any CPU.ActiveCfg = Release|Any CPU
		{BFA50C70-0F94-40A3-9069-88BEE3A47DF6}.Release|Any CPU.Build.0 = Release|Any CPU
		{C5DC608D-662B-4795-8933-FC1FE85F2DCC}.Debug|Any CPU.ActiveCfg = Debug|Any CPU
		{C5DC608D-662B-4795-8933-FC1FE85F2DCC}.Debug|Any CPU.Build.0 = Debug|Any CPU
		{C5DC608D-662B-4795-8933-FC1FE85F2DCC}.Release|Any CPU.ActiveCfg = Release|Any CPU
		{C5DC608D-662B-4795-8933-FC1FE85F2DCC}.Release|Any CPU.Build.0 = Release|Any CPU
	EndGlobalSection
	GlobalSection(SolutionProperties) = preSolution
		HideSolutionNode = FALSE
	EndGlobalSection
	GlobalSection(ExtensibilityGlobals) = postSolution
		SolutionGuid = {2018C70D-2DE8-4D8A-BE90-65B404CCEE01}
	EndGlobalSection
EndGlobal
