
Microsoft Visual Studio Solution File, Format Version 12.00
# Visual Studio Version 16
VisualStudioVersion = 16.0.29326.143
MinimumVisualStudioVersion = 10.0.40219.1
Project("{9A19103F-16F7-4668-BE54-9A1E7A4F7556}") = "Tracer", "Tracer\Tracer.csproj", "{655A5772-EF24-4181-9250-74DFBA17509D}"
EndProject
Project("{9A19103F-16F7-4668-BE54-9A1E7A4F7556}") = "TracerLib", "TracerLib\TracerLib.csproj", "{D992E77B-D9C0-4A19-84CD-6213C53CC979}"
EndProject
Project("{FAE04EC0-301F-11D3-BF4B-00C04F79EFBC}") = "TracerOutput", "TracerOutput\TracerOutput.csproj", "{1F82E128-70DE-44E5-BC36-99EB681C77E3}"
EndProject
Global
	GlobalSection(SolutionConfigurationPlatforms) = preSolution
		Debug|Any CPU = Debug|Any CPU
		Release|Any CPU = Release|Any CPU
	EndGlobalSection
	GlobalSection(ProjectConfigurationPlatforms) = postSolution
		{655A5772-EF24-4181-9250-74DFBA17509D}.Debug|Any CPU.ActiveCfg = Debug|Any CPU
		{655A5772-EF24-4181-9250-74DFBA17509D}.Debug|Any CPU.Build.0 = Debug|Any CPU
		{655A5772-EF24-4181-9250-74DFBA17509D}.Release|Any CPU.ActiveCfg = Release|Any CPU
		{655A5772-EF24-4181-9250-74DFBA17509D}.Release|Any CPU.Build.0 = Release|Any CPU
		{D992E77B-D9C0-4A19-84CD-6213C53CC979}.Debug|Any CPU.ActiveCfg = Debug|Any CPU
		{D992E77B-D9C0-4A19-84CD-6213C53CC979}.Debug|Any CPU.Build.0 = Debug|Any CPU
		{D992E77B-D9C0-4A19-84CD-6213C53CC979}.Release|Any CPU.ActiveCfg = Release|Any CPU
		{D992E77B-D9C0-4A19-84CD-6213C53CC979}.Release|Any CPU.Build.0 = Release|Any CPU
		{1F82E128-70DE-44E5-BC36-99EB681C77E3}.Debug|Any CPU.ActiveCfg = Debug|Any CPU
		{1F82E128-70DE-44E5-BC36-99EB681C77E3}.Debug|Any CPU.Build.0 = Debug|Any CPU
		{1F82E128-70DE-44E5-BC36-99EB681C77E3}.Release|Any CPU.ActiveCfg = Release|Any CPU
		{1F82E128-70DE-44E5-BC36-99EB681C77E3}.Release|Any CPU.Build.0 = Release|Any CPU
	EndGlobalSection
	GlobalSection(SolutionProperties) = preSolution
		HideSolutionNode = FALSE
	EndGlobalSection
	GlobalSection(ExtensibilityGlobals) = postSolution
		SolutionGuid = {2018C70D-2DE8-4D8A-BE90-65B404CCEE01}
	EndGlobalSection
EndGlobal
